// !$*UTF8*$!
{
	archiveVersion = 1;
	classes = {
	};
	objectVersion = 46;
	objects = {

/* Begin PBXBuildFile section */
		5943D4495516184589683852 /* Pods_Fridgemate.framework in Frameworks */ = {isa = PBXBuildFile; fileRef = 87FF3A0D8B6CA90DF2CE59CA /* Pods_Fridgemate.framework */; };
		7DA17D927AAB4C609AAE6D3D /* libPods-FridgemateUITests.a in Frameworks */ = {isa = PBXBuildFile; fileRef = 8E6318C05A37D39EA3797135 /* libPods-FridgemateUITests.a */; };
		C9353159037DE2435278A8D4 /* libPods-FridgemateTests.a in Frameworks */ = {isa = PBXBuildFile; fileRef = 4E54547CBE3EE8F15E019353 /* libPods-FridgemateTests.a */; };
		DD0924661DC76B2E001186DC /* DetailsViewController.swift in Sources */ = {isa = PBXBuildFile; fileRef = DD0924651DC76B2D001186DC /* DetailsViewController.swift */; };
		DD4DAFD41DBB473700D06B9E /* AppDelegate.swift in Sources */ = {isa = PBXBuildFile; fileRef = DD4DAFD31DBB473700D06B9E /* AppDelegate.swift */; };
		DD4DAFD61DBB473700D06B9E /* StartUpViewController.swift in Sources */ = {isa = PBXBuildFile; fileRef = DD4DAFD51DBB473700D06B9E /* StartUpViewController.swift */; };
		DD4DAFD91DBB473700D06B9E /* Main.storyboard in Resources */ = {isa = PBXBuildFile; fileRef = DD4DAFD71DBB473700D06B9E /* Main.storyboard */; };
		DD4DAFDC1DBB473700D06B9E /* Fridgemate.xcdatamodeld in Sources */ = {isa = PBXBuildFile; fileRef = DD4DAFDA1DBB473700D06B9E /* Fridgemate.xcdatamodeld */; };
		DD4DAFDE1DBB473700D06B9E /* Assets.xcassets in Resources */ = {isa = PBXBuildFile; fileRef = DD4DAFDD1DBB473700D06B9E /* Assets.xcassets */; };
		DD4DAFE11DBB473800D06B9E /* LaunchScreen.storyboard in Resources */ = {isa = PBXBuildFile; fileRef = DD4DAFDF1DBB473800D06B9E /* LaunchScreen.storyboard */; };
		DD4DAFEC1DBB473800D06B9E /* FridgemateTests.swift in Sources */ = {isa = PBXBuildFile; fileRef = DD4DAFEB1DBB473800D06B9E /* FridgemateTests.swift */; };
		DD4DAFF71DBB473800D06B9E /* FridgemateUITests.swift in Sources */ = {isa = PBXBuildFile; fileRef = DD4DAFF61DBB473800D06B9E /* FridgemateUITests.swift */; };
		DD7A96C01DCEB32C00D99444 /* RecipeStep.swift in Sources */ = {isa = PBXBuildFile; fileRef = DD7A96BF1DCEB32C00D99444 /* RecipeStep.swift */; };
		DD7A96C21DCEB4C700D99444 /* RecipeStepTableViewController.swift in Sources */ = {isa = PBXBuildFile; fileRef = DD7A96C11DCEB4C700D99444 /* RecipeStepTableViewController.swift */; };
		DD7A96C41DCEB58200D99444 /* RecipeStepTableViewCell.swift in Sources */ = {isa = PBXBuildFile; fileRef = DD7A96C31DCEB58200D99444 /* RecipeStepTableViewCell.swift */; };
		DD85A4031DBFE6DE00E0D6AE /* Pantry.swift in Sources */ = {isa = PBXBuildFile; fileRef = DD85A4021DBFE6DE00E0D6AE /* Pantry.swift */; };
		DD85A4051DBFE72800E0D6AE /* GroceryList.swift in Sources */ = {isa = PBXBuildFile; fileRef = DD85A4041DBFE72800E0D6AE /* GroceryList.swift */; };
		DD85A4091DBFE98600E0D6AE /* MainMenu.swift in Sources */ = {isa = PBXBuildFile; fileRef = DD85A4081DBFE98600E0D6AE /* MainMenu.swift */; };
		DD85A40F1DC02C3700E0D6AE /* PantryTableViewCell.swift in Sources */ = {isa = PBXBuildFile; fileRef = DD85A40E1DC02C3700E0D6AE /* PantryTableViewCell.swift */; };
		DDBF7A051DC299BC002DEEF3 /* RecipeListCellStruct.swift in Sources */ = {isa = PBXBuildFile; fileRef = DDBF7A041DC299BC002DEEF3 /* RecipeListCellStruct.swift */; };
		DDD68A151DC06BE20040111D /* PantryTableView.swift in Sources */ = {isa = PBXBuildFile; fileRef = DDD68A141DC06BE20040111D /* PantryTableView.swift */; };
		DDF364F21DC2987400A4A2C8 /* RecipeListTableViewCell.swift in Sources */ = {isa = PBXBuildFile; fileRef = DDF364F11DC2987400A4A2C8 /* RecipeListTableViewCell.swift */; };
		DDFC3C651DC41A5A0007C779 /* RecipeListTableViewController2.swift in Sources */ = {isa = PBXBuildFile; fileRef = DDFC3C641DC41A5A0007C779 /* RecipeListTableViewController2.swift */; };
		DDFC62D61DC17D2000E43D87 /* PantryManager.swift in Sources */ = {isa = PBXBuildFile; fileRef = DDFC62D51DC17D2000E43D87 /* PantryManager.swift */; };
		DDFC62DC1DC1B36D00E43D87 /* RecipeListManager.swift in Sources */ = {isa = PBXBuildFile; fileRef = DDFC62DB1DC1B36D00E43D87 /* RecipeListManager.swift */; };
/* End PBXBuildFile section */

/* Begin PBXContainerItemProxy section */
		DD4DAFE81DBB473800D06B9E /* PBXContainerItemProxy */ = {
			isa = PBXContainerItemProxy;
			containerPortal = DD4DAFC81DBB473700D06B9E /* Project object */;
			proxyType = 1;
			remoteGlobalIDString = DD4DAFCF1DBB473700D06B9E;
			remoteInfo = Fridgemate;
		};
		DD4DAFF31DBB473800D06B9E /* PBXContainerItemProxy */ = {
			isa = PBXContainerItemProxy;
			containerPortal = DD4DAFC81DBB473700D06B9E /* Project object */;
			proxyType = 1;
			remoteGlobalIDString = DD4DAFCF1DBB473700D06B9E;
			remoteInfo = Fridgemate;
		};
/* End PBXContainerItemProxy section */

/* Begin PBXFileReference section */
		3811374F8754147606339911 /* Pods-FridgemateTests.debug.xcconfig */ = {isa = PBXFileReference; includeInIndex = 1; lastKnownFileType = text.xcconfig; name = "Pods-FridgemateTests.debug.xcconfig"; path = "Pods/Target Support Files/Pods-FridgemateTests/Pods-FridgemateTests.debug.xcconfig"; sourceTree = "<group>"; };
		4E54547CBE3EE8F15E019353 /* libPods-FridgemateTests.a */ = {isa = PBXFileReference; explicitFileType = archive.ar; includeInIndex = 0; path = "libPods-FridgemateTests.a"; sourceTree = BUILT_PRODUCTS_DIR; };
		507E1C13A9BB654D550FD613 /* Pods-Fridgemate.debug.xcconfig */ = {isa = PBXFileReference; includeInIndex = 1; lastKnownFileType = text.xcconfig; name = "Pods-Fridgemate.debug.xcconfig"; path = "Pods/Target Support Files/Pods-Fridgemate/Pods-Fridgemate.debug.xcconfig"; sourceTree = "<group>"; };
		66FD9105A798F2E199CC4264 /* Pods-FridgemateTests.release.xcconfig */ = {isa = PBXFileReference; includeInIndex = 1; lastKnownFileType = text.xcconfig; name = "Pods-FridgemateTests.release.xcconfig"; path = "Pods/Target Support Files/Pods-FridgemateTests/Pods-FridgemateTests.release.xcconfig"; sourceTree = "<group>"; };
		87FF3A0D8B6CA90DF2CE59CA /* Pods_Fridgemate.framework */ = {isa = PBXFileReference; explicitFileType = wrapper.framework; includeInIndex = 0; path = Pods_Fridgemate.framework; sourceTree = BUILT_PRODUCTS_DIR; };
		8E6318C05A37D39EA3797135 /* libPods-FridgemateUITests.a */ = {isa = PBXFileReference; explicitFileType = archive.ar; includeInIndex = 0; path = "libPods-FridgemateUITests.a"; sourceTree = BUILT_PRODUCTS_DIR; };
		97E64D1512B0C01290D42787 /* Pods-FridgemateUITests.debug.xcconfig */ = {isa = PBXFileReference; includeInIndex = 1; lastKnownFileType = text.xcconfig; name = "Pods-FridgemateUITests.debug.xcconfig"; path = "Pods/Target Support Files/Pods-FridgemateUITests/Pods-FridgemateUITests.debug.xcconfig"; sourceTree = "<group>"; };
		C11795D40FF69228A3328F79 /* Pods-Fridgemate.release.xcconfig */ = {isa = PBXFileReference; includeInIndex = 1; lastKnownFileType = text.xcconfig; name = "Pods-Fridgemate.release.xcconfig"; path = "Pods/Target Support Files/Pods-Fridgemate/Pods-Fridgemate.release.xcconfig"; sourceTree = "<group>"; };
		D9B74745F13A7A8C5E969AC7 /* Pods-FridgemateUITests.release.xcconfig */ = {isa = PBXFileReference; includeInIndex = 1; lastKnownFileType = text.xcconfig; name = "Pods-FridgemateUITests.release.xcconfig"; path = "Pods/Target Support Files/Pods-FridgemateUITests/Pods-FridgemateUITests.release.xcconfig"; sourceTree = "<group>"; };
		DD0924651DC76B2D001186DC /* DetailsViewController.swift */ = {isa = PBXFileReference; fileEncoding = 4; lastKnownFileType = sourcecode.swift; path = DetailsViewController.swift; sourceTree = "<group>"; };
		DD4DAFD01DBB473700D06B9E /* Fridgemate.app */ = {isa = PBXFileReference; explicitFileType = wrapper.application; includeInIndex = 0; path = Fridgemate.app; sourceTree = BUILT_PRODUCTS_DIR; };
		DD4DAFD31DBB473700D06B9E /* AppDelegate.swift */ = {isa = PBXFileReference; lastKnownFileType = sourcecode.swift; path = AppDelegate.swift; sourceTree = "<group>"; };
		DD4DAFD51DBB473700D06B9E /* StartUpViewController.swift */ = {isa = PBXFileReference; lastKnownFileType = sourcecode.swift; path = StartUpViewController.swift; sourceTree = "<group>"; };
		DD4DAFD81DBB473700D06B9E /* Base */ = {isa = PBXFileReference; lastKnownFileType = file.storyboard; name = Base; path = Base.lproj/Main.storyboard; sourceTree = "<group>"; };
		DD4DAFDB1DBB473700D06B9E /* Fridgemate.xcdatamodel */ = {isa = PBXFileReference; lastKnownFileType = wrapper.xcdatamodel; path = Fridgemate.xcdatamodel; sourceTree = "<group>"; };
		DD4DAFDD1DBB473700D06B9E /* Assets.xcassets */ = {isa = PBXFileReference; lastKnownFileType = folder.assetcatalog; path = Assets.xcassets; sourceTree = "<group>"; };
		DD4DAFE01DBB473800D06B9E /* Base */ = {isa = PBXFileReference; lastKnownFileType = file.storyboard; name = Base; path = Base.lproj/LaunchScreen.storyboard; sourceTree = "<group>"; };
		DD4DAFE21DBB473800D06B9E /* Info.plist */ = {isa = PBXFileReference; lastKnownFileType = text.plist.xml; path = Info.plist; sourceTree = "<group>"; };
		DD4DAFE71DBB473800D06B9E /* FridgemateTests.xctest */ = {isa = PBXFileReference; explicitFileType = wrapper.cfbundle; includeInIndex = 0; path = FridgemateTests.xctest; sourceTree = BUILT_PRODUCTS_DIR; };
		DD4DAFEB1DBB473800D06B9E /* FridgemateTests.swift */ = {isa = PBXFileReference; lastKnownFileType = sourcecode.swift; path = FridgemateTests.swift; sourceTree = "<group>"; };
		DD4DAFED1DBB473800D06B9E /* Info.plist */ = {isa = PBXFileReference; lastKnownFileType = text.plist.xml; path = Info.plist; sourceTree = "<group>"; };
		DD4DAFF21DBB473800D06B9E /* FridgemateUITests.xctest */ = {isa = PBXFileReference; explicitFileType = wrapper.cfbundle; includeInIndex = 0; path = FridgemateUITests.xctest; sourceTree = BUILT_PRODUCTS_DIR; };
		DD4DAFF61DBB473800D06B9E /* FridgemateUITests.swift */ = {isa = PBXFileReference; lastKnownFileType = sourcecode.swift; path = FridgemateUITests.swift; sourceTree = "<group>"; };
		DD4DAFF81DBB473800D06B9E /* Info.plist */ = {isa = PBXFileReference; lastKnownFileType = text.plist.xml; path = Info.plist; sourceTree = "<group>"; };
		DD7A96BF1DCEB32C00D99444 /* RecipeStep.swift */ = {isa = PBXFileReference; fileEncoding = 4; lastKnownFileType = sourcecode.swift; name = RecipeStep.swift; path = Recipeicon/RecipeStep.swift; sourceTree = "<group>"; };
		DD7A96C11DCEB4C700D99444 /* RecipeStepTableViewController.swift */ = {isa = PBXFileReference; fileEncoding = 4; lastKnownFileType = sourcecode.swift; path = RecipeStepTableViewController.swift; sourceTree = "<group>"; };
		DD7A96C31DCEB58200D99444 /* RecipeStepTableViewCell.swift */ = {isa = PBXFileReference; fileEncoding = 4; lastKnownFileType = sourcecode.swift; path = RecipeStepTableViewCell.swift; sourceTree = "<group>"; };
		DD85A4021DBFE6DE00E0D6AE /* Pantry.swift */ = {isa = PBXFileReference; fileEncoding = 4; lastKnownFileType = sourcecode.swift; path = Pantry.swift; sourceTree = "<group>"; };
		DD85A4041DBFE72800E0D6AE /* GroceryList.swift */ = {isa = PBXFileReference; fileEncoding = 4; lastKnownFileType = sourcecode.swift; path = GroceryList.swift; sourceTree = "<group>"; };
		DD85A4081DBFE98600E0D6AE /* MainMenu.swift */ = {isa = PBXFileReference; fileEncoding = 4; lastKnownFileType = sourcecode.swift; path = MainMenu.swift; sourceTree = "<group>"; };
		DD85A40E1DC02C3700E0D6AE /* PantryTableViewCell.swift */ = {isa = PBXFileReference; fileEncoding = 4; lastKnownFileType = sourcecode.swift; path = PantryTableViewCell.swift; sourceTree = "<group>"; };
		DDBF7A041DC299BC002DEEF3 /* RecipeListCellStruct.swift */ = {isa = PBXFileReference; fileEncoding = 4; lastKnownFileType = sourcecode.swift; path = RecipeListCellStruct.swift; sourceTree = "<group>"; };
		DDD68A141DC06BE20040111D /* PantryTableView.swift */ = {isa = PBXFileReference; fileEncoding = 4; lastKnownFileType = sourcecode.swift; path = PantryTableView.swift; sourceTree = "<group>"; };
		DDF364F11DC2987400A4A2C8 /* RecipeListTableViewCell.swift */ = {isa = PBXFileReference; fileEncoding = 4; lastKnownFileType = sourcecode.swift; path = RecipeListTableViewCell.swift; sourceTree = "<group>"; };
		DDFC3C641DC41A5A0007C779 /* RecipeListTableViewController2.swift */ = {isa = PBXFileReference; fileEncoding = 4; lastKnownFileType = sourcecode.swift; path = RecipeListTableViewController2.swift; sourceTree = "<group>"; };
		DDFC62D51DC17D2000E43D87 /* PantryManager.swift */ = {isa = PBXFileReference; fileEncoding = 4; lastKnownFileType = sourcecode.swift; path = PantryManager.swift; sourceTree = "<group>"; };
		DDFC62DB1DC1B36D00E43D87 /* RecipeListManager.swift */ = {isa = PBXFileReference; fileEncoding = 4; lastKnownFileType = sourcecode.swift; path = RecipeListManager.swift; sourceTree = "<group>"; };
/* End PBXFileReference section */

/* Begin PBXFrameworksBuildPhase section */
		DD4DAFCD1DBB473700D06B9E /* Frameworks */ = {
			isa = PBXFrameworksBuildPhase;
			buildActionMask = 2147483647;
			files = (
				5943D4495516184589683852 /* Pods_Fridgemate.framework in Frameworks */,
			);
			runOnlyForDeploymentPostprocessing = 0;
		};
		DD4DAFE41DBB473800D06B9E /* Frameworks */ = {
			isa = PBXFrameworksBuildPhase;
			buildActionMask = 2147483647;
			files = (
				C9353159037DE2435278A8D4 /* libPods-FridgemateTests.a in Frameworks */,
			);
			runOnlyForDeploymentPostprocessing = 0;
		};
		DD4DAFEF1DBB473800D06B9E /* Frameworks */ = {
			isa = PBXFrameworksBuildPhase;
			buildActionMask = 2147483647;
			files = (
				7DA17D927AAB4C609AAE6D3D /* libPods-FridgemateUITests.a in Frameworks */,
			);
			runOnlyForDeploymentPostprocessing = 0;
		};
/* End PBXFrameworksBuildPhase section */

/* Begin PBXGroup section */
		34C4AEAE36B833E854CDAC6D /* Pods */ = {
			isa = PBXGroup;
			children = (
				507E1C13A9BB654D550FD613 /* Pods-Fridgemate.debug.xcconfig */,
				C11795D40FF69228A3328F79 /* Pods-Fridgemate.release.xcconfig */,
				3811374F8754147606339911 /* Pods-FridgemateTests.debug.xcconfig */,
				66FD9105A798F2E199CC4264 /* Pods-FridgemateTests.release.xcconfig */,
				97E64D1512B0C01290D42787 /* Pods-FridgemateUITests.debug.xcconfig */,
				D9B74745F13A7A8C5E969AC7 /* Pods-FridgemateUITests.release.xcconfig */,
			);
			name = Pods;
			sourceTree = "<group>";
		};
		DD0BC9A91DC7D65E0024839B /* Recipeicon */ = {
			isa = PBXGroup;
			children = (
			);
			path = Recipeicon;
			sourceTree = "<group>";
		};
		DD4DAFC71DBB473600D06B9E = {
			isa = PBXGroup;
			children = (
				DD4DAFD21DBB473700D06B9E /* Fridgemate */,
				DD4DAFEA1DBB473800D06B9E /* FridgemateTests */,
				DD4DAFF51DBB473800D06B9E /* FridgemateUITests */,
				DD4DAFD11DBB473700D06B9E /* Products */,
				34C4AEAE36B833E854CDAC6D /* Pods */,
				FD02DAA390CB97275E63E3D3 /* Frameworks */,
			);
			sourceTree = "<group>";
		};
		DD4DAFD11DBB473700D06B9E /* Products */ = {
			isa = PBXGroup;
			children = (
				DD4DAFD01DBB473700D06B9E /* Fridgemate.app */,
				DD4DAFE71DBB473800D06B9E /* FridgemateTests.xctest */,
				DD4DAFF21DBB473800D06B9E /* FridgemateUITests.xctest */,
			);
			name = Products;
			sourceTree = "<group>";
		};
		DD4DAFD21DBB473700D06B9E /* Fridgemate */ = {
			isa = PBXGroup;
			children = (
				DD4DAFD31DBB473700D06B9E /* AppDelegate.swift */,
				DD4DAFD71DBB473700D06B9E /* Main.storyboard */,
				DDFC62DA1DC1B07000E43D87 /* View Controllers */,
				DDFC62D91DC1B00200E43D87 /* Pantry */,
				DDA85C401DC1F9D70016ADB6 /* RecipeList */,
				DD0924651DC76B2D001186DC /* DetailsViewController.swift */,
				DD7A96C71DCEB5B700D99444 /* RecipeSteps */,
				DD4DAFDD1DBB473700D06B9E /* Assets.xcassets */,
				DD0BC9A91DC7D65E0024839B /* Recipeicon */,
				DD4DAFDF1DBB473800D06B9E /* LaunchScreen.storyboard */,
				DD4DAFE21DBB473800D06B9E /* Info.plist */,
				DD4DAFDA1DBB473700D06B9E /* Fridgemate.xcdatamodeld */,
			);
			path = Fridgemate;
			sourceTree = "<group>";
		};
		DD4DAFEA1DBB473800D06B9E /* FridgemateTests */ = {
			isa = PBXGroup;
			children = (
				DD4DAFEB1DBB473800D06B9E /* FridgemateTests.swift */,
				DD4DAFED1DBB473800D06B9E /* Info.plist */,
			);
			path = FridgemateTests;
			sourceTree = "<group>";
		};
		DD4DAFF51DBB473800D06B9E /* FridgemateUITests */ = {
			isa = PBXGroup;
			children = (
				DD4DAFF61DBB473800D06B9E /* FridgemateUITests.swift */,
				DD4DAFF81DBB473800D06B9E /* Info.plist */,
			);
			path = FridgemateUITests;
			sourceTree = "<group>";
		};
		DD7A96C71DCEB5B700D99444 /* RecipeSteps */ = {
			isa = PBXGroup;
			children = (
				DD7A96C11DCEB4C700D99444 /* RecipeStepTableViewController.swift */,
				DD7A96C31DCEB58200D99444 /* RecipeStepTableViewCell.swift */,
				DD7A96BF1DCEB32C00D99444 /* RecipeStep.swift */,
			);
			name = RecipeSteps;
			sourceTree = "<group>";
		};
		DDA85C401DC1F9D70016ADB6 /* RecipeList */ = {
			isa = PBXGroup;
			children = (
				DDBF7A041DC299BC002DEEF3 /* RecipeListCellStruct.swift */,
				DDF364F11DC2987400A4A2C8 /* RecipeListTableViewCell.swift */,
				DDFC62DB1DC1B36D00E43D87 /* RecipeListManager.swift */,
				DDFC3C641DC41A5A0007C779 /* RecipeListTableViewController2.swift */,
			);
			name = RecipeList;
			sourceTree = "<group>";
		};
		DDFC62D91DC1B00200E43D87 /* Pantry */ = {
			isa = PBXGroup;
			children = (
				DD85A4021DBFE6DE00E0D6AE /* Pantry.swift */,
				DDFC62D51DC17D2000E43D87 /* PantryManager.swift */,
				DDD68A141DC06BE20040111D /* PantryTableView.swift */,
				DD85A40E1DC02C3700E0D6AE /* PantryTableViewCell.swift */,
			);
			name = Pantry;
			sourceTree = "<group>";
		};
		DDFC62DA1DC1B07000E43D87 /* View Controllers */ = {
			isa = PBXGroup;
			children = (
				DD4DAFD51DBB473700D06B9E /* StartUpViewController.swift */,
				DD85A4081DBFE98600E0D6AE /* MainMenu.swift */,
				DD85A4041DBFE72800E0D6AE /* GroceryList.swift */,
			);
			name = "View Controllers";
			sourceTree = "<group>";
		};
		FD02DAA390CB97275E63E3D3 /* Frameworks */ = {
			isa = PBXGroup;
			children = (
				87FF3A0D8B6CA90DF2CE59CA /* Pods_Fridgemate.framework */,
				4E54547CBE3EE8F15E019353 /* libPods-FridgemateTests.a */,
				8E6318C05A37D39EA3797135 /* libPods-FridgemateUITests.a */,
			);
			name = Frameworks;
			sourceTree = "<group>";
		};
/* End PBXGroup section */

/* Begin PBXNativeTarget section */
		DD4DAFCF1DBB473700D06B9E /* Fridgemate */ = {
			isa = PBXNativeTarget;
			buildConfigurationList = DD4DAFFB1DBB473800D06B9E /* Build configuration list for PBXNativeTarget "Fridgemate" */;
			buildPhases = (
				E41CD54917AB9A211A3A567F /* [CP] Check Pods Manifest.lock */,
				DD4DAFCC1DBB473700D06B9E /* Sources */,
				DD4DAFCD1DBB473700D06B9E /* Frameworks */,
				DD4DAFCE1DBB473700D06B9E /* Resources */,
				804FC8CD4DC07C23DDFEFD90 /* [CP] Embed Pods Frameworks */,
				D9B7126C52F8A44378844C02 /* [CP] Copy Pods Resources */,
			);
			buildRules = (
			);
			dependencies = (
			);
			name = Fridgemate;
			productName = Fridgemate;
			productReference = DD4DAFD01DBB473700D06B9E /* Fridgemate.app */;
			productType = "com.apple.product-type.application";
		};
		DD4DAFE61DBB473800D06B9E /* FridgemateTests */ = {
			isa = PBXNativeTarget;
			buildConfigurationList = DD4DAFFE1DBB473800D06B9E /* Build configuration list for PBXNativeTarget "FridgemateTests" */;
			buildPhases = (
				2578698E8671CF51C09C1F3D /* [CP] Check Pods Manifest.lock */,
				DD4DAFE31DBB473800D06B9E /* Sources */,
				DD4DAFE41DBB473800D06B9E /* Frameworks */,
				DD4DAFE51DBB473800D06B9E /* Resources */,
				5BDC9A1E3B54D974F52D80FB /* [CP] Embed Pods Frameworks */,
				7DC5118345162AC128B5A858 /* [CP] Copy Pods Resources */,
			);
			buildRules = (
			);
			dependencies = (
				DD4DAFE91DBB473800D06B9E /* PBXTargetDependency */,
			);
			name = FridgemateTests;
			productName = FridgemateTests;
			productReference = DD4DAFE71DBB473800D06B9E /* FridgemateTests.xctest */;
			productType = "com.apple.product-type.bundle.unit-test";
		};
		DD4DAFF11DBB473800D06B9E /* FridgemateUITests */ = {
			isa = PBXNativeTarget;
			buildConfigurationList = DD4DB0011DBB473800D06B9E /* Build configuration list for PBXNativeTarget "FridgemateUITests" */;
			buildPhases = (
				E05107B4196FD9BE82AE2278 /* [CP] Check Pods Manifest.lock */,
				DD4DAFEE1DBB473800D06B9E /* Sources */,
				DD4DAFEF1DBB473800D06B9E /* Frameworks */,
				DD4DAFF01DBB473800D06B9E /* Resources */,
				FF353ABC449B3E0F78595B60 /* [CP] Copy Pods Resources */,
			);
			buildRules = (
			);
			dependencies = (
				DD4DAFF41DBB473800D06B9E /* PBXTargetDependency */,
			);
			name = FridgemateUITests;
			productName = FridgemateUITests;
			productReference = DD4DAFF21DBB473800D06B9E /* FridgemateUITests.xctest */;
			productType = "com.apple.product-type.bundle.ui-testing";
		};
/* End PBXNativeTarget section */

/* Begin PBXProject section */
		DD4DAFC81DBB473700D06B9E /* Project object */ = {
			isa = PBXProject;
			attributes = {
				LastSwiftUpdateCheck = 0800;
				LastUpgradeCheck = 0800;
				ORGANIZATIONNAME = Kadeem;
				TargetAttributes = {
					DD4DAFCF1DBB473700D06B9E = {
						CreatedOnToolsVersion = 8.0;
						DevelopmentTeam = 7G8EV52YPP;
						ProvisioningStyle = Automatic;
					};
					DD4DAFE61DBB473800D06B9E = {
						CreatedOnToolsVersion = 8.0;
						DevelopmentTeam = 7G8EV52YPP;
						ProvisioningStyle = Automatic;
						TestTargetID = DD4DAFCF1DBB473700D06B9E;
					};
					DD4DAFF11DBB473800D06B9E = {
						CreatedOnToolsVersion = 8.0;
						DevelopmentTeam = 7G8EV52YPP;
						ProvisioningStyle = Automatic;
						TestTargetID = DD4DAFCF1DBB473700D06B9E;
					};
				};
			};
			buildConfigurationList = DD4DAFCB1DBB473700D06B9E /* Build configuration list for PBXProject "Fridgemate" */;
			compatibilityVersion = "Xcode 3.2";
			developmentRegion = English;
			hasScannedForEncodings = 0;
			knownRegions = (
				en,
				Base,
			);
			mainGroup = DD4DAFC71DBB473600D06B9E;
			productRefGroup = DD4DAFD11DBB473700D06B9E /* Products */;
			projectDirPath = "";
			projectRoot = "";
			targets = (
				DD4DAFCF1DBB473700D06B9E /* Fridgemate */,
				DD4DAFE61DBB473800D06B9E /* FridgemateTests */,
				DD4DAFF11DBB473800D06B9E /* FridgemateUITests */,
			);
		};
/* End PBXProject section */

/* Begin PBXResourcesBuildPhase section */
		DD4DAFCE1DBB473700D06B9E /* Resources */ = {
			isa = PBXResourcesBuildPhase;
			buildActionMask = 2147483647;
			files = (
				DD4DAFE11DBB473800D06B9E /* LaunchScreen.storyboard in Resources */,
				DD4DAFDE1DBB473700D06B9E /* Assets.xcassets in Resources */,
				DD4DAFD91DBB473700D06B9E /* Main.storyboard in Resources */,
			);
			runOnlyForDeploymentPostprocessing = 0;
		};
		DD4DAFE51DBB473800D06B9E /* Resources */ = {
			isa = PBXResourcesBuildPhase;
			buildActionMask = 2147483647;
			files = (
			);
			runOnlyForDeploymentPostprocessing = 0;
		};
		DD4DAFF01DBB473800D06B9E /* Resources */ = {
			isa = PBXResourcesBuildPhase;
			buildActionMask = 2147483647;
			files = (
			);
			runOnlyForDeploymentPostprocessing = 0;
		};
/* End PBXResourcesBuildPhase section */

/* Begin PBXShellScriptBuildPhase section */
		2578698E8671CF51C09C1F3D /* [CP] Check Pods Manifest.lock */ = {
			isa = PBXShellScriptBuildPhase;
			buildActionMask = 2147483647;
			files = (
			);
			inputPaths = (
			);
			name = "[CP] Check Pods Manifest.lock";
			outputPaths = (
			);
			runOnlyForDeploymentPostprocessing = 0;
			shellPath = /bin/sh;
			shellScript = "diff \"${PODS_ROOT}/../Podfile.lock\" \"${PODS_ROOT}/Manifest.lock\" > /dev/null\nif [[ $? != 0 ]] ; then\n    cat << EOM\nerror: The sandbox is not in sync with the Podfile.lock. Run 'pod install' or update your CocoaPods installation.\nEOM\n    exit 1\nfi\n";
			showEnvVarsInLog = 0;
		};
		5BDC9A1E3B54D974F52D80FB /* [CP] Embed Pods Frameworks */ = {
			isa = PBXShellScriptBuildPhase;
			buildActionMask = 2147483647;
			files = (
			);
			inputPaths = (
			);
			name = "[CP] Embed Pods Frameworks";
			outputPaths = (
			);
			runOnlyForDeploymentPostprocessing = 0;
			shellPath = /bin/sh;
			shellScript = "\"${SRCROOT}/Pods/Target Support Files/Pods-FridgemateTests/Pods-FridgemateTests-frameworks.sh\"\n";
			showEnvVarsInLog = 0;
		};
		7DC5118345162AC128B5A858 /* [CP] Copy Pods Resources */ = {
			isa = PBXShellScriptBuildPhase;
			buildActionMask = 2147483647;
			files = (
			);
			inputPaths = (
			);
			name = "[CP] Copy Pods Resources";
			outputPaths = (
			);
			runOnlyForDeploymentPostprocessing = 0;
			shellPath = /bin/sh;
			shellScript = "\"${SRCROOT}/Pods/Target Support Files/Pods-FridgemateTests/Pods-FridgemateTests-resources.sh\"\n";
			showEnvVarsInLog = 0;
		};
		804FC8CD4DC07C23DDFEFD90 /* [CP] Embed Pods Frameworks */ = {
			isa = PBXShellScriptBuildPhase;
			buildActionMask = 2147483647;
			files = (
			);
			inputPaths = (
			);
			name = "[CP] Embed Pods Frameworks";
			outputPaths = (
			);
			runOnlyForDeploymentPostprocessing = 0;
			shellPath = /bin/sh;
			shellScript = "\"${SRCROOT}/Pods/Target Support Files/Pods-Fridgemate/Pods-Fridgemate-frameworks.sh\"\n";
			showEnvVarsInLog = 0;
		};
		D9B7126C52F8A44378844C02 /* [CP] Copy Pods Resources */ = {
			isa = PBXShellScriptBuildPhase;
			buildActionMask = 2147483647;
			files = (
			);
			inputPaths = (
			);
			name = "[CP] Copy Pods Resources";
			outputPaths = (
			);
			runOnlyForDeploymentPostprocessing = 0;
			shellPath = /bin/sh;
			shellScript = "\"${SRCROOT}/Pods/Target Support Files/Pods-Fridgemate/Pods-Fridgemate-resources.sh\"\n";
			showEnvVarsInLog = 0;
		};
		E05107B4196FD9BE82AE2278 /* [CP] Check Pods Manifest.lock */ = {
			isa = PBXShellScriptBuildPhase;
			buildActionMask = 2147483647;
			files = (
			);
			inputPaths = (
			);
			name = "[CP] Check Pods Manifest.lock";
			outputPaths = (
			);
			runOnlyForDeploymentPostprocessing = 0;
			shellPath = /bin/sh;
			shellScript = "diff \"${PODS_ROOT}/../Podfile.lock\" \"${PODS_ROOT}/Manifest.lock\" > /dev/null\nif [[ $? != 0 ]] ; then\n    cat << EOM\nerror: The sandbox is not in sync with the Podfile.lock. Run 'pod install' or update your CocoaPods installation.\nEOM\n    exit 1\nfi\n";
			showEnvVarsInLog = 0;
		};
		E41CD54917AB9A211A3A567F /* [CP] Check Pods Manifest.lock */ = {
			isa = PBXShellScriptBuildPhase;
			buildActionMask = 2147483647;
			files = (
			);
			inputPaths = (
			);
			name = "[CP] Check Pods Manifest.lock";
			outputPaths = (
			);
			runOnlyForDeploymentPostprocessing = 0;
			shellPath = /bin/sh;
			shellScript = "diff \"${PODS_ROOT}/../Podfile.lock\" \"${PODS_ROOT}/Manifest.lock\" > /dev/null\nif [[ $? != 0 ]] ; then\n    cat << EOM\nerror: The sandbox is not in sync with the Podfile.lock. Run 'pod install' or update your CocoaPods installation.\nEOM\n    exit 1\nfi\n";
			showEnvVarsInLog = 0;
		};
		FF353ABC449B3E0F78595B60 /* [CP] Copy Pods Resources */ = {
			isa = PBXShellScriptBuildPhase;
			buildActionMask = 2147483647;
			files = (
			);
			inputPaths = (
			);
			name = "[CP] Copy Pods Resources";
			outputPaths = (
			);
			runOnlyForDeploymentPostprocessing = 0;
			shellPath = /bin/sh;
			shellScript = "\"${SRCROOT}/Pods/Target Support Files/Pods-FridgemateUITests/Pods-FridgemateUITests-resources.sh\"\n";
			showEnvVarsInLog = 0;
		};
/* End PBXShellScriptBuildPhase section */

/* Begin PBXSourcesBuildPhase section */
		DD4DAFCC1DBB473700D06B9E /* Sources */ = {
			isa = PBXSourcesBuildPhase;
			buildActionMask = 2147483647;
			files = (
				DDD68A151DC06BE20040111D /* PantryTableView.swift in Sources */,
				DDBF7A051DC299BC002DEEF3 /* RecipeListCellStruct.swift in Sources */,
				DD4DAFDC1DBB473700D06B9E /* Fridgemate.xcdatamodeld in Sources */,
				DDFC62D61DC17D2000E43D87 /* PantryManager.swift in Sources */,
				DDF364F21DC2987400A4A2C8 /* RecipeListTableViewCell.swift in Sources */,
				DD85A4091DBFE98600E0D6AE /* MainMenu.swift in Sources */,
				DDFC62DC1DC1B36D00E43D87 /* RecipeListManager.swift in Sources */,
				DD7A96C41DCEB58200D99444 /* RecipeStepTableViewCell.swift in Sources */,
				DD85A4031DBFE6DE00E0D6AE /* Pantry.swift in Sources */,
				DD85A4051DBFE72800E0D6AE /* GroceryList.swift in Sources */,
				DD85A40F1DC02C3700E0D6AE /* PantryTableViewCell.swift in Sources */,
				DD4DAFD61DBB473700D06B9E /* StartUpViewController.swift in Sources */,
				DDFC3C651DC41A5A0007C779 /* RecipeListTableViewController2.swift in Sources */,
				DD7A96C21DCEB4C700D99444 /* RecipeStepTableViewController.swift in Sources */,
				DD4DAFD41DBB473700D06B9E /* AppDelegate.swift in Sources */,
				DD0924661DC76B2E001186DC /* DetailsViewController.swift in Sources */,
				DD7A96C01DCEB32C00D99444 /* RecipeStep.swift in Sources */,
			);
			runOnlyForDeploymentPostprocessing = 0;
		};
		DD4DAFE31DBB473800D06B9E /* Sources */ = {
			isa = PBXSourcesBuildPhase;
			buildActionMask = 2147483647;
			files = (
				DD4DAFEC1DBB473800D06B9E /* FridgemateTests.swift in Sources */,
			);
			runOnlyForDeploymentPostprocessing = 0;
		};
		DD4DAFEE1DBB473800D06B9E /* Sources */ = {
			isa = PBXSourcesBuildPhase;
			buildActionMask = 2147483647;
			files = (
				DD4DAFF71DBB473800D06B9E /* FridgemateUITests.swift in Sources */,
			);
			runOnlyForDeploymentPostprocessing = 0;
		};
/* End PBXSourcesBuildPhase section */

/* Begin PBXTargetDependency section */
		DD4DAFE91DBB473800D06B9E /* PBXTargetDependency */ = {
			isa = PBXTargetDependency;
			target = DD4DAFCF1DBB473700D06B9E /* Fridgemate */;
			targetProxy = DD4DAFE81DBB473800D06B9E /* PBXContainerItemProxy */;
		};
		DD4DAFF41DBB473800D06B9E /* PBXTargetDependency */ = {
			isa = PBXTargetDependency;
			target = DD4DAFCF1DBB473700D06B9E /* Fridgemate */;
			targetProxy = DD4DAFF31DBB473800D06B9E /* PBXContainerItemProxy */;
		};
/* End PBXTargetDependency section */

/* Begin PBXVariantGroup section */
		DD4DAFD71DBB473700D06B9E /* Main.storyboard */ = {
			isa = PBXVariantGroup;
			children = (
				DD4DAFD81DBB473700D06B9E /* Base */,
			);
			name = Main.storyboard;
			sourceTree = "<group>";
		};
		DD4DAFDF1DBB473800D06B9E /* LaunchScreen.storyboard */ = {
			isa = PBXVariantGroup;
			children = (
				DD4DAFE01DBB473800D06B9E /* Base */,
			);
			name = LaunchScreen.storyboard;
			sourceTree = "<group>";
		};
/* End PBXVariantGroup section */

/* Begin XCBuildConfiguration section */
		DD4DAFF91DBB473800D06B9E /* Debug */ = {
			isa = XCBuildConfiguration;
			buildSettings = {
				ALWAYS_SEARCH_USER_PATHS = NO;
				CLANG_ANALYZER_NONNULL = YES;
				CLANG_CXX_LANGUAGE_STANDARD = "gnu++0x";
				CLANG_CXX_LIBRARY = "libc++";
				CLANG_ENABLE_MODULES = YES;
				CLANG_ENABLE_OBJC_ARC = YES;
				CLANG_WARN_BOOL_CONVERSION = YES;
				CLANG_WARN_CONSTANT_CONVERSION = YES;
				CLANG_WARN_DIRECT_OBJC_ISA_USAGE = YES_ERROR;
				CLANG_WARN_DOCUMENTATION_COMMENTS = YES;
				CLANG_WARN_EMPTY_BODY = YES;
				CLANG_WARN_ENUM_CONVERSION = YES;
				CLANG_WARN_INFINITE_RECURSION = YES;
				CLANG_WARN_INT_CONVERSION = YES;
				CLANG_WARN_OBJC_ROOT_CLASS = YES_ERROR;
				CLANG_WARN_SUSPICIOUS_MOVE = YES;
				CLANG_WARN_SUSPICIOUS_MOVES = YES;
				CLANG_WARN_UNREACHABLE_CODE = YES;
				CLANG_WARN__DUPLICATE_METHOD_MATCH = YES;
				"CODE_SIGN_IDENTITY[sdk=iphoneos*]" = "iPhone Developer";
				COPY_PHASE_STRIP = NO;
				DEBUG_INFORMATION_FORMAT = dwarf;
				ENABLE_STRICT_OBJC_MSGSEND = YES;
				ENABLE_TESTABILITY = YES;
				GCC_C_LANGUAGE_STANDARD = gnu99;
				GCC_DYNAMIC_NO_PIC = NO;
				GCC_NO_COMMON_BLOCKS = YES;
				GCC_OPTIMIZATION_LEVEL = 0;
				GCC_PREPROCESSOR_DEFINITIONS = (
					"DEBUG=1",
					"$(inherited)",
				);
				GCC_WARN_64_TO_32_BIT_CONVERSION = YES;
				GCC_WARN_ABOUT_RETURN_TYPE = YES_ERROR;
				GCC_WARN_UNDECLARED_SELECTOR = YES;
				GCC_WARN_UNINITIALIZED_AUTOS = YES_AGGRESSIVE;
				GCC_WARN_UNUSED_FUNCTION = YES;
				GCC_WARN_UNUSED_VARIABLE = YES;
				IPHONEOS_DEPLOYMENT_TARGET = 10.0;
				MTL_ENABLE_DEBUG_INFO = YES;
				ONLY_ACTIVE_ARCH = YES;
				SDKROOT = iphoneos;
				SWIFT_ACTIVE_COMPILATION_CONDITIONS = DEBUG;
				SWIFT_OPTIMIZATION_LEVEL = "-Onone";
				TARGETED_DEVICE_FAMILY = "1,2";
			};
			name = Debug;
		};
		DD4DAFFA1DBB473800D06B9E /* Release */ = {
			isa = XCBuildConfiguration;
			buildSettings = {
				ALWAYS_SEARCH_USER_PATHS = NO;
				CLANG_ANALYZER_NONNULL = YES;
				CLANG_CXX_LANGUAGE_STANDARD = "gnu++0x";
				CLANG_CXX_LIBRARY = "libc++";
				CLANG_ENABLE_MODULES = YES;
				CLANG_ENABLE_OBJC_ARC = YES;
				CLANG_WARN_BOOL_CONVERSION = YES;
				CLANG_WARN_CONSTANT_CONVERSION = YES;
				CLANG_WARN_DIRECT_OBJC_ISA_USAGE = YES_ERROR;
				CLANG_WARN_DOCUMENTATION_COMMENTS = YES;
				CLANG_WARN_EMPTY_BODY = YES;
				CLANG_WARN_ENUM_CONVERSION = YES;
				CLANG_WARN_INFINITE_RECURSION = YES;
				CLANG_WARN_INT_CONVERSION = YES;
				CLANG_WARN_OBJC_ROOT_CLASS = YES_ERROR;
				CLANG_WARN_SUSPICIOUS_MOVE = YES;
				CLANG_WARN_SUSPICIOUS_MOVES = YES;
				CLANG_WARN_UNREACHABLE_CODE = YES;
				CLANG_WARN__DUPLICATE_METHOD_MATCH = YES;
				"CODE_SIGN_IDENTITY[sdk=iphoneos*]" = "iPhone Developer";
				COPY_PHASE_STRIP = NO;
				DEBUG_INFORMATION_FORMAT = "dwarf-with-dsym";
				ENABLE_NS_ASSERTIONS = NO;
				ENABLE_STRICT_OBJC_MSGSEND = YES;
				GCC_C_LANGUAGE_STANDARD = gnu99;
				GCC_NO_COMMON_BLOCKS = YES;
				GCC_WARN_64_TO_32_BIT_CONVERSION = YES;
				GCC_WARN_ABOUT_RETURN_TYPE = YES_ERROR;
				GCC_WARN_UNDECLARED_SELECTOR = YES;
				GCC_WARN_UNINITIALIZED_AUTOS = YES_AGGRESSIVE;
				GCC_WARN_UNUSED_FUNCTION = YES;
				GCC_WARN_UNUSED_VARIABLE = YES;
				IPHONEOS_DEPLOYMENT_TARGET = 10.0;
				MTL_ENABLE_DEBUG_INFO = NO;
				SDKROOT = iphoneos;
				SWIFT_OPTIMIZATION_LEVEL = "-Owholemodule";
				TARGETED_DEVICE_FAMILY = "1,2";
				VALIDATE_PRODUCT = YES;
			};
			name = Release;
		};
		DD4DAFFC1DBB473800D06B9E /* Debug */ = {
			isa = XCBuildConfiguration;
			baseConfigurationReference = 507E1C13A9BB654D550FD613 /* Pods-Fridgemate.debug.xcconfig */;
			buildSettings = {
				ALWAYS_EMBED_SWIFT_STANDARD_LIBRARIES = YES;
				ASSETCATALOG_COMPILER_APPICON_NAME = AppIcon;
				DEVELOPMENT_TEAM = 7G8EV52YPP;
				INFOPLIST_FILE = Fridgemate/Info.plist;
				LD_RUNPATH_SEARCH_PATHS = "$(inherited) @executable_path/Frameworks";
				PRODUCT_BUNDLE_IDENTIFIER = com.makeschool.Fridgemate;
				PRODUCT_NAME = "$(TARGET_NAME)";
				SWIFT_VERSION = 3.0;
			};
			name = Debug;
		};
		DD4DAFFD1DBB473800D06B9E /* Release */ = {
			isa = XCBuildConfiguration;
			baseConfigurationReference = C11795D40FF69228A3328F79 /* Pods-Fridgemate.release.xcconfig */;
			buildSettings = {
				ALWAYS_EMBED_SWIFT_STANDARD_LIBRARIES = YES;
				ASSETCATALOG_COMPILER_APPICON_NAME = AppIcon;
				DEVELOPMENT_TEAM = 7G8EV52YPP;
				INFOPLIST_FILE = Fridgemate/Info.plist;
				LD_RUNPATH_SEARCH_PATHS = "$(inherited) @executable_path/Frameworks";
				PRODUCT_BUNDLE_IDENTIFIER = com.makeschool.Fridgemate;
				PRODUCT_NAME = "$(TARGET_NAME)";
				SWIFT_VERSION = 3.0;
			};
			name = Release;
		};
		DD4DAFFF1DBB473800D06B9E /* Debug */ = {
			isa = XCBuildConfiguration;
			baseConfigurationReference = 3811374F8754147606339911 /* Pods-FridgemateTests.debug.xcconfig */;
			buildSettings = {
				ALWAYS_EMBED_SWIFT_STANDARD_LIBRARIES = YES;
				BUNDLE_LOADER = "$(TEST_HOST)";
				DEVELOPMENT_TEAM = 7G8EV52YPP;
				INFOPLIST_FILE = FridgemateTests/Info.plist;
				LD_RUNPATH_SEARCH_PATHS = "$(inherited) @executable_path/Frameworks @loader_path/Frameworks";
				PRODUCT_BUNDLE_IDENTIFIER = com.makeschool.FridgemateTests;
				PRODUCT_NAME = "$(TARGET_NAME)";
				SWIFT_VERSION = 3.0;
				TEST_HOST = "$(BUILT_PRODUCTS_DIR)/Fridgemate.app/Fridgemate";
			};
			name = Debug;
		};
		DD4DB0001DBB473800D06B9E /* Release */ = {
			isa = XCBuildConfiguration;
			baseConfigurationReference = 66FD9105A798F2E199CC4264 /* Pods-FridgemateTests.release.xcconfig */;
			buildSettings = {
				ALWAYS_EMBED_SWIFT_STANDARD_LIBRARIES = YES;
				BUNDLE_LOADER = "$(TEST_HOST)";
				DEVELOPMENT_TEAM = 7G8EV52YPP;
				INFOPLIST_FILE = FridgemateTests/Info.plist;
				LD_RUNPATH_SEARCH_PATHS = "$(inherited) @executable_path/Frameworks @loader_path/Frameworks";
				PRODUCT_BUNDLE_IDENTIFIER = com.makeschool.FridgemateTests;
				PRODUCT_NAME = "$(TARGET_NAME)";
				SWIFT_VERSION = 3.0;
				TEST_HOST = "$(BUILT_PRODUCTS_DIR)/Fridgemate.app/Fridgemate";
			};
			name = Release;
		};
		DD4DB0021DBB473800D06B9E /* Debug */ = {
			isa = XCBuildConfiguration;
			baseConfigurationReference = 97E64D1512B0C01290D42787 /* Pods-FridgemateUITests.debug.xcconfig */;
			buildSettings = {
				ALWAYS_EMBED_SWIFT_STANDARD_LIBRARIES = YES;
				DEVELOPMENT_TEAM = 7G8EV52YPP;
				INFOPLIST_FILE = FridgemateUITests/Info.plist;
				LD_RUNPATH_SEARCH_PATHS = "$(inherited) @executable_path/Frameworks @loader_path/Frameworks";
				PRODUCT_BUNDLE_IDENTIFIER = com.makeschool.FridgemateUITests;
				PRODUCT_NAME = "$(TARGET_NAME)";
				SWIFT_VERSION = 3.0;
				TEST_TARGET_NAME = Fridgemate;
			};
			name = Debug;
		};
		DD4DB0031DBB473800D06B9E /* Release */ = {
			isa = XCBuildConfiguration;
			baseConfigurationReference = D9B74745F13A7A8C5E969AC7 /* Pods-FridgemateUITests.release.xcconfig */;
			buildSettings = {
				ALWAYS_EMBED_SWIFT_STANDARD_LIBRARIES = YES;
				DEVELOPMENT_TEAM = 7G8EV52YPP;
				INFOPLIST_FILE = FridgemateUITests/Info.plist;
				LD_RUNPATH_SEARCH_PATHS = "$(inherited) @executable_path/Frameworks @loader_path/Frameworks";
				PRODUCT_BUNDLE_IDENTIFIER = com.makeschool.FridgemateUITests;
				PRODUCT_NAME = "$(TARGET_NAME)";
				SWIFT_VERSION = 3.0;
				TEST_TARGET_NAME = Fridgemate;
			};
			name = Release;
		};
/* End XCBuildConfiguration section */

/* Begin XCConfigurationList section */
		DD4DAFCB1DBB473700D06B9E /* Build configuration list for PBXProject "Fridgemate" */ = {
			isa = XCConfigurationList;
			buildConfigurations = (
				DD4DAFF91DBB473800D06B9E /* Debug */,
				DD4DAFFA1DBB473800D06B9E /* Release */,
			);
			defaultConfigurationIsVisible = 0;
			defaultConfigurationName = Release;
		};
		DD4DAFFB1DBB473800D06B9E /* Build configuration list for PBXNativeTarget "Fridgemate" */ = {
			isa = XCConfigurationList;
			buildConfigurations = (
				DD4DAFFC1DBB473800D06B9E /* Debug */,
				DD4DAFFD1DBB473800D06B9E /* Release */,
			);
			defaultConfigurationIsVisible = 0;
			defaultConfigurationName = Release;
		};
		DD4DAFFE1DBB473800D06B9E /* Build configuration list for PBXNativeTarget "FridgemateTests" */ = {
			isa = XCConfigurationList;
			buildConfigurations = (
				DD4DAFFF1DBB473800D06B9E /* Debug */,
				DD4DB0001DBB473800D06B9E /* Release */,
			);
			defaultConfigurationIsVisible = 0;
			defaultConfigurationName = Release;
		};
		DD4DB0011DBB473800D06B9E /* Build configuration list for PBXNativeTarget "FridgemateUITests" */ = {
			isa = XCConfigurationList;
			buildConfigurations = (
				DD4DB0021DBB473800D06B9E /* Debug */,
				DD4DB0031DBB473800D06B9E /* Release */,
			);
			defaultConfigurationIsVisible = 0;
			defaultConfigurationName = Release;
		};
/* End XCConfigurationList section */

/* Begin XCVersionGroup section */
		DD4DAFDA1DBB473700D06B9E /* Fridgemate.xcdatamodeld */ = {
			isa = XCVersionGroup;
			children = (
				DD4DAFDB1DBB473700D06B9E /* Fridgemate.xcdatamodel */,
			);
			currentVersion = DD4DAFDB1DBB473700D06B9E /* Fridgemate.xcdatamodel */;
			path = Fridgemate.xcdatamodeld;
			sourceTree = "<group>";
			versionGroupType = wrapper.xcdatamodel;
		};
/* End XCVersionGroup section */
	};
	rootObject = DD4DAFC81DBB473700D06B9E /* Project object */;
}
